// !$*UTF8*$!
{
	archiveVersion = 1;
	classes = {
	};
	objectVersion = 50;
	objects = {

/* Begin PBXBuildFile section */
		B6DCED9321023139008F45AB /* AppDelegate.swift in Sources */ = {isa = PBXBuildFile; fileRef = B6DCED9221023139008F45AB /* AppDelegate.swift */; };
		B6DCED9821023139008F45AB /* Main.storyboard in Resources */ = {isa = PBXBuildFile; fileRef = B6DCED9621023139008F45AB /* Main.storyboard */; };
		B6DCED9A2102313B008F45AB /* Assets.xcassets in Resources */ = {isa = PBXBuildFile; fileRef = B6DCED992102313B008F45AB /* Assets.xcassets */; };
		B6DCED9D2102313B008F45AB /* LaunchScreen.storyboard in Resources */ = {isa = PBXBuildFile; fileRef = B6DCED9B2102313B008F45AB /* LaunchScreen.storyboard */; };
		B6DCEDAD21023418008F45AB /* Movie.swift in Sources */ = {isa = PBXBuildFile; fileRef = B6DCEDAC21023418008F45AB /* Movie.swift */; };
		B6DCEDAF2102353B008F45AB /* MovieController.swift in Sources */ = {isa = PBXBuildFile; fileRef = B6DCEDAE2102353B008F45AB /* MovieController.swift */; };
		B6DCEDB1210245B8008F45AB /* MovieTableViewCell.swift in Sources */ = {isa = PBXBuildFile; fileRef = B6DCEDB0210245B8008F45AB /* MovieTableViewCell.swift */; };
		B6DCEDB321024698008F45AB /* MoviesListTableViewController.swift in Sources */ = {isa = PBXBuildFile; fileRef = B6DCEDB221024698008F45AB /* MoviesListTableViewController.swift */; };
		B6DCEDB52102540F008F45AB /* MovieDetailViewController.swift in Sources */ = {isa = PBXBuildFile; fileRef = B6DCEDB42102540F008F45AB /* MovieDetailViewController.swift */; };
/* End PBXBuildFile section */

/* Begin PBXFileReference section */
		B6DCED8F21023139008F45AB /* MovieSearch.app */ = {isa = PBXFileReference; explicitFileType = wrapper.application; includeInIndex = 0; path = MovieSearch.app; sourceTree = BUILT_PRODUCTS_DIR; };
		B6DCED9221023139008F45AB /* AppDelegate.swift */ = {isa = PBXFileReference; lastKnownFileType = sourcecode.swift; path = AppDelegate.swift; sourceTree = "<group>"; };
		B6DCED9721023139008F45AB /* Base */ = {isa = PBXFileReference; lastKnownFileType = file.storyboard; name = Base; path = Base.lproj/Main.storyboard; sourceTree = "<group>"; };
		B6DCED992102313B008F45AB /* Assets.xcassets */ = {isa = PBXFileReference; lastKnownFileType = folder.assetcatalog; path = Assets.xcassets; sourceTree = "<group>"; };
		B6DCED9C2102313B008F45AB /* Base */ = {isa = PBXFileReference; lastKnownFileType = file.storyboard; name = Base; path = Base.lproj/LaunchScreen.storyboard; sourceTree = "<group>"; };
		B6DCED9E2102313C008F45AB /* Info.plist */ = {isa = PBXFileReference; lastKnownFileType = text.plist.xml; path = Info.plist; sourceTree = "<group>"; };
		B6DCEDAC21023418008F45AB /* Movie.swift */ = {isa = PBXFileReference; lastKnownFileType = sourcecode.swift; path = Movie.swift; sourceTree = "<group>"; };
		B6DCEDAE2102353B008F45AB /* MovieController.swift */ = {isa = PBXFileReference; lastKnownFileType = sourcecode.swift; path = MovieController.swift; sourceTree = "<group>"; };
		B6DCEDB0210245B8008F45AB /* MovieTableViewCell.swift */ = {isa = PBXFileReference; lastKnownFileType = sourcecode.swift; path = MovieTableViewCell.swift; sourceTree = "<group>"; };
		B6DCEDB221024698008F45AB /* MoviesListTableViewController.swift */ = {isa = PBXFileReference; lastKnownFileType = sourcecode.swift; path = MoviesListTableViewController.swift; sourceTree = "<group>"; };
		B6DCEDB42102540F008F45AB /* MovieDetailViewController.swift */ = {isa = PBXFileReference; lastKnownFileType = sourcecode.swift; path = MovieDetailViewController.swift; sourceTree = "<group>"; };
/* End PBXFileReference section */

/* Begin PBXFrameworksBuildPhase section */
		B6DCED8C21023139008F45AB /* Frameworks */ = {
			isa = PBXFrameworksBuildPhase;
			buildActionMask = 2147483647;
			files = (
			);
			runOnlyForDeploymentPostprocessing = 0;
		};
/* End PBXFrameworksBuildPhase section */

/* Begin PBXGroup section */
		B6DCED8621023139008F45AB = {
			isa = PBXGroup;
			children = (
				B6DCED9121023139008F45AB /* MovieSearch */,
				B6DCED9021023139008F45AB /* Products */,
			);
			sourceTree = "<group>";
		};
		B6DCED9021023139008F45AB /* Products */ = {
			isa = PBXGroup;
			children = (
				B6DCED8F21023139008F45AB /* MovieSearch.app */,
			);
			name = Products;
			sourceTree = "<group>";
		};
		B6DCED9121023139008F45AB /* MovieSearch */ = {
			isa = PBXGroup;
			children = (
				B6DCEDA8210231B5008F45AB /* Model */,
				B6DCEDA7210231B2008F45AB /* Views */,
				B6DCEDA4210231A1008F45AB /* Controllers */,
				B6DCEDA9210231BB008F45AB /* Resources */,
			);
			path = MovieSearch;
			sourceTree = "<group>";
		};
		B6DCEDA4210231A1008F45AB /* Controllers */ = {
			isa = PBXGroup;
			children = (
				B6DCEDA6210231AB008F45AB /* ModelController */,
				B6DCEDA5210231A5008F45AB /* ViewController */,
			);
			path = Controllers;
			sourceTree = "<group>";
		};
		B6DCEDA5210231A5008F45AB /* ViewController */ = {
			isa = PBXGroup;
			children = (
				B6DCEDB221024698008F45AB /* MoviesListTableViewController.swift */,
				B6DCEDB42102540F008F45AB /* MovieDetailViewController.swift */,
			);
			path = ViewController;
			sourceTree = "<group>";
		};
		B6DCEDA6210231AB008F45AB /* ModelController */ = {
			isa = PBXGroup;
			children = (
				B6DCEDAE2102353B008F45AB /* MovieController.swift */,
			);
			path = ModelController;
			sourceTree = "<group>";
		};
		B6DCEDA7210231B2008F45AB /* Views */ = {
			isa = PBXGroup;
			children = (
				B6DCED9621023139008F45AB /* Main.storyboard */,
				B6DCEDB0210245B8008F45AB /* MovieTableViewCell.swift */,
			);
			path = Views;
			sourceTree = "<group>";
		};
		B6DCEDA8210231B5008F45AB /* Model */ = {
			isa = PBXGroup;
			children = (
				B6DCEDAC21023418008F45AB /* Movie.swift */,
			);
			path = Model;
			sourceTree = "<group>";
		};
		B6DCEDA9210231BB008F45AB /* Resources */ = {
			isa = PBXGroup;
			children = (
				B6DCED9221023139008F45AB /* AppDelegate.swift */,
				B6DCED992102313B008F45AB /* Assets.xcassets */,
				B6DCED9B2102313B008F45AB /* LaunchScreen.storyboard */,
				B6DCED9E2102313C008F45AB /* Info.plist */,
			);
			path = Resources;
			sourceTree = "<group>";
		};
/* End PBXGroup section */

/* Begin PBXNativeTarget section */
		B6DCED8E21023139008F45AB /* MovieSearch */ = {
			isa = PBXNativeTarget;
			buildConfigurationList = B6DCEDA12102313C008F45AB /* Build configuration list for PBXNativeTarget "MovieSearch" */;
			buildPhases = (
				B6DCED8B21023139008F45AB /* Sources */,
				B6DCED8C21023139008F45AB /* Frameworks */,
				B6DCED8D21023139008F45AB /* Resources */,
			);
			buildRules = (
			);
			dependencies = (
			);
			name = MovieSearch;
			productName = MovieSearch;
			productReference = B6DCED8F21023139008F45AB /* MovieSearch.app */;
			productType = "com.apple.product-type.application";
		};
/* End PBXNativeTarget section */

/* Begin PBXProject section */
		B6DCED8721023139008F45AB /* Project object */ = {
			isa = PBXProject;
			attributes = {
				LastSwiftUpdateCheck = 0940;
				LastUpgradeCheck = 0940;
				ORGANIZATIONNAME = "Zachary Frew";
				TargetAttributes = {
					B6DCED8E21023139008F45AB = {
						CreatedOnToolsVersion = 9.4.1;
					};
				};
			};
			buildConfigurationList = B6DCED8A21023139008F45AB /* Build configuration list for PBXProject "MovieSearch" */;
			compatibilityVersion = "Xcode 9.3";
			developmentRegion = en;
			hasScannedForEncodings = 0;
			knownRegions = (
				en,
				Base,
			);
			mainGroup = B6DCED8621023139008F45AB;
			productRefGroup = B6DCED9021023139008F45AB /* Products */;
			projectDirPath = "";
			projectRoot = "";
			targets = (
				B6DCED8E21023139008F45AB /* MovieSearch */,
			);
		};
/* End PBXProject section */

/* Begin PBXResourcesBuildPhase section */
		B6DCED8D21023139008F45AB /* Resources */ = {
			isa = PBXResourcesBuildPhase;
			buildActionMask = 2147483647;
			files = (
				B6DCED9D2102313B008F45AB /* LaunchScreen.storyboard in Resources */,
				B6DCED9A2102313B008F45AB /* Assets.xcassets in Resources */,
				B6DCED9821023139008F45AB /* Main.storyboard in Resources */,
			);
			runOnlyForDeploymentPostprocessing = 0;
		};
/* End PBXResourcesBuildPhase section */

/* Begin PBXSourcesBuildPhase section */
		B6DCED8B21023139008F45AB /* Sources */ = {
			isa = PBXSourcesBuildPhase;
			buildActionMask = 2147483647;
			files = (
				B6DCEDAF2102353B008F45AB /* MovieController.swift in Sources */,
				B6DCED9321023139008F45AB /* AppDelegate.swift in Sources */,
				B6DCEDB321024698008F45AB /* MoviesListTableViewController.swift in Sources */,
				B6DCEDB1210245B8008F45AB /* MovieTableViewCell.swift in Sources */,
				B6DCEDB52102540F008F45AB /* MovieDetailViewController.swift in Sources */,
				B6DCEDAD21023418008F45AB /* Movie.swift in Sources */,
			);
			runOnlyForDeploymentPostprocessing = 0;
		};
/* End PBXSourcesBuildPhase section */

/* Begin PBXVariantGroup section */
		B6DCED9621023139008F45AB /* Main.storyboard */ = {
			isa = PBXVariantGroup;
			children = (
				B6DCED9721023139008F45AB /* Base */,
			);
			name = Main.storyboard;
			sourceTree = "<group>";
		};
		B6DCED9B2102313B008F45AB /* LaunchScreen.storyboard */ = {
			isa = PBXVariantGroup;
			children = (
				B6DCED9C2102313B008F45AB /* Base */,
			);
			name = LaunchScreen.storyboard;
			sourceTree = "<group>";
		};
/* End PBXVariantGroup section */

/* Begin XCBuildConfiguration section */
		B6DCED9F2102313C008F45AB /* Debug */ = {
			isa = XCBuildConfiguration;
			buildSettings = {
				ALWAYS_SEARCH_USER_PATHS = NO;
				CLANG_ANALYZER_NONNULL = YES;
				CLANG_ANALYZER_NUMBER_OBJECT_CONVERSION = YES_AGGRESSIVE;
				CLANG_CXX_LANGUAGE_STANDARD = "gnu++14";
				CLANG_CXX_LIBRARY = "libc++";
				CLANG_ENABLE_MODULES = YES;
				CLANG_ENABLE_OBJC_ARC = YES;
				CLANG_ENABLE_OBJC_WEAK = YES;
				CLANG_WARN_BLOCK_CAPTURE_AUTORELEASING = YES;
				CLANG_WARN_BOOL_CONVERSION = YES;
				CLANG_WARN_COMMA = YES;
				CLANG_WARN_CONSTANT_CONVERSION = YES;
				CLANG_WARN_DEPRECATED_OBJC_IMPLEMENTATIONS = YES;
				CLANG_WARN_DIRECT_OBJC_ISA_USAGE = YES_ERROR;
				CLANG_WARN_DOCUMENTATION_COMMENTS = YES;
				CLANG_WARN_EMPTY_BODY = YES;
				CLANG_WARN_ENUM_CONVERSION = YES;
				CLANG_WARN_INFINITE_RECURSION = YES;
				CLANG_WARN_INT_CONVERSION = YES;
				CLANG_WARN_NON_LITERAL_NULL_CONVERSION = YES;
				CLANG_WARN_OBJC_IMPLICIT_RETAIN_SELF = YES;
				CLANG_WARN_OBJC_LITERAL_CONVERSION = YES;
				CLANG_WARN_OBJC_ROOT_CLASS = YES_ERROR;
				CLANG_WARN_RANGE_LOOP_ANALYSIS = YES;
				CLANG_WARN_STRICT_PROTOTYPES = YES;
				CLANG_WARN_SUSPICIOUS_MOVE = YES;
				CLANG_WARN_UNGUARDED_AVAILABILITY = YES_AGGRESSIVE;
				CLANG_WARN_UNREACHABLE_CODE = YES;
				CLANG_WARN__DUPLICATE_METHOD_MATCH = YES;
				CODE_SIGN_IDENTITY = "iPhone Developer";
				COPY_PHASE_STRIP = NO;
				DEBUG_INFORMATION_FORMAT = dwarf;
				ENABLE_STRICT_OBJC_MSGSEND = YES;
				ENABLE_TESTABILITY = YES;
				GCC_C_LANGUAGE_STANDARD = gnu11;
				GCC_DYNAMIC_NO_PIC = NO;
				GCC_NO_COMMON_BLOCKS = YES;
				GCC_OPTIMIZATION_LEVEL = 0;
				GCC_PREPROCESSOR_DEFINITIONS = (
					"DEBUG=1",
					"$(inherited)",
				);
				GCC_WARN_64_TO_32_BIT_CONVERSION = YES;
				GCC_WARN_ABOUT_RETURN_TYPE = YES_ERROR;
				GCC_WARN_UNDECLARED_SELECTOR = YES;
				GCC_WARN_UNINITIALIZED_AUTOS = YES_AGGRESSIVE;
				GCC_WARN_UNUSED_FUNCTION = YES;
				GCC_WARN_UNUSED_VARIABLE = YES;
				IPHONEOS_DEPLOYMENT_TARGET = 11.4;
				MTL_ENABLE_DEBUG_INFO = YES;
				ONLY_ACTIVE_ARCH = YES;
				SDKROOT = iphoneos;
				SWIFT_ACTIVE_COMPILATION_CONDITIONS = DEBUG;
				SWIFT_OPTIMIZATION_LEVEL = "-Onone";
			};
			name = Debug;
		};
		B6DCEDA02102313C008F45AB /* Release */ = {
			isa = XCBuildConfiguration;
			buildSettings = {
				ALWAYS_SEARCH_USER_PATHS = NO;
				CLANG_ANALYZER_NONNULL = YES;
				CLANG_ANALYZER_NUMBER_OBJECT_CONVERSION = YES_AGGRESSIVE;
				CLANG_CXX_LANGUAGE_STANDARD = "gnu++14";
				CLANG_CXX_LIBRARY = "libc++";
				CLANG_ENABLE_MODULES = YES;
				CLANG_ENABLE_OBJC_ARC = YES;
				CLANG_ENABLE_OBJC_WEAK = YES;
				CLANG_WARN_BLOCK_CAPTURE_AUTORELEASING = YES;
				CLANG_WARN_BOOL_CONVERSION = YES;
				CLANG_WARN_COMMA = YES;
				CLANG_WARN_CONSTANT_CONVERSION = YES;
				CLANG_WARN_DEPRECATED_OBJC_IMPLEMENTATIONS = YES;
				CLANG_WARN_DIRECT_OBJC_ISA_USAGE = YES_ERROR;
				CLANG_WARN_DOCUMENTATION_COMMENTS = YES;
				CLANG_WARN_EMPTY_BODY = YES;
				CLANG_WARN_ENUM_CONVERSION = YES;
				CLANG_WARN_INFINITE_RECURSION = YES;
				CLANG_WARN_INT_CONVERSION = YES;
				CLANG_WARN_NON_LITERAL_NULL_CONVERSION = YES;
				CLANG_WARN_OBJC_IMPLICIT_RETAIN_SELF = YES;
				CLANG_WARN_OBJC_LITERAL_CONVERSION = YES;
				CLANG_WARN_OBJC_ROOT_CLASS = YES_ERROR;
				CLANG_WARN_RANGE_LOOP_ANALYSIS = YES;
				CLANG_WARN_STRICT_PROTOTYPES = YES;
				CLANG_WARN_SUSPICIOUS_MOVE = YES;
				CLANG_WARN_UNGUARDED_AVAILABILITY = YES_AGGRESSIVE;
				CLANG_WARN_UNREACHABLE_CODE = YES;
				CLANG_WARN__DUPLICATE_METHOD_MATCH = YES;
				CODE_SIGN_IDENTITY = "iPhone Developer";
				COPY_PHASE_STRIP = NO;
				DEBUG_INFORMATION_FORMAT = "dwarf-with-dsym";
				ENABLE_NS_ASSERTIONS = NO;
				ENABLE_STRICT_OBJC_MSGSEND = YES;
				GCC_C_LANGUAGE_STANDARD = gnu11;
				GCC_NO_COMMON_BLOCKS = YES;
				GCC_WARN_64_TO_32_BIT_CONVERSION = YES;
				GCC_WARN_ABOUT_RETURN_TYPE = YES_ERROR;
				GCC_WARN_UNDECLARED_SELECTOR = YES;
				GCC_WARN_UNINITIALIZED_AUTOS = YES_AGGRESSIVE;
				GCC_WARN_UNUSED_FUNCTION = YES;
				GCC_WARN_UNUSED_VARIABLE = YES;
				IPHONEOS_DEPLOYMENT_TARGET = 11.4;
				MTL_ENABLE_DEBUG_INFO = NO;
				SDKROOT = iphoneos;
				SWIFT_COMPILATION_MODE = wholemodule;
				SWIFT_OPTIMIZATION_LEVEL = "-O";
				VALIDATE_PRODUCT = YES;
			};
			name = Release;
		};
		B6DCEDA22102313C008F45AB /* Debug */ = {
			isa = XCBuildConfiguration;
			buildSettings = {
				ASSETCATALOG_COMPILER_APPICON_NAME = AppIcon;
				CODE_SIGN_STYLE = Automatic;
				DEVELOPMENT_TEAM = PKK87S6JNY;
				INFOPLIST_FILE = "$(SRCROOT)/MovieSearch/Resources/Info.plist";
				LD_RUNPATH_SEARCH_PATHS = (
					"$(inherited)",
					"@executable_path/Frameworks",
				);
				PRODUCT_BUNDLE_IDENTIFIER = com.zachfrew.MovieSearch;
				PRODUCT_NAME = "$(TARGET_NAME)";
				SWIFT_VERSION = 4.0;
				TARGETED_DEVICE_FAMILY = "1,2";
			};
			name = Debug;
		};
		B6DCEDA32102313C008F45AB /* Release */ = {
			isa = XCBuildConfiguration;
			buildSettings = {
				ASSETCATALOG_COMPILER_APPICON_NAME = AppIcon;
				CODE_SIGN_STYLE = Automatic;
				DEVELOPMENT_TEAM = PKK87S6JNY;
				INFOPLIST_FILE = "$(SRCROOT)/MovieSearch/Resources/Info.plist";
				LD_RUNPATH_SEARCH_PATHS = (
					"$(inherited)",
					"@executable_path/Frameworks",
				);
				PRODUCT_BUNDLE_IDENTIFIER = com.zachfrew.MovieSearch;
				PRODUCT_NAME = "$(TARGET_NAME)";
				SWIFT_VERSION = 4.0;
				TARGETED_DEVICE_FAMILY = "1,2";
			};
			name = Release;
		};
/* End XCBuildConfiguration section */

/* Begin XCConfigurationList section */
		B6DCED8A21023139008F45AB /* Build configuration list for PBXProject "MovieSearch" */ = {
			isa = XCConfigurationList;
			buildConfigurations = (
				B6DCED9F2102313C008F45AB /* Debug */,
				B6DCEDA02102313C008F45AB /* Release */,
			);
			defaultConfigurationIsVisible = 0;
			defaultConfigurationName = Release;
		};
		B6DCEDA12102313C008F45AB /* Build configuration list for PBXNativeTarget "MovieSearch" */ = {
			isa = XCConfigurationList;
			buildConfigurations = (
				B6DCEDA22102313C008F45AB /* Debug */,
				B6DCEDA32102313C008F45AB /* Release */,
			);
			defaultConfigurationIsVisible = 0;
			defaultConfigurationName = Release;
		};
/* End XCConfigurationList section */
	};
	rootObject = B6DCED8721023139008F45AB /* Project object */;
}
